# THIS IS AN AUTOGENERATED FILE. DO NOT EDIT THIS FILE DIRECTLY.
# yarn lockfile v1


"@types/createjs-lib@*":
  "integrity" "sha1-+uguO6hgZmOxkOeJzsfZxyj8Qdc="
  "resolved" "https://registry.npmjs.org/@types/createjs-lib/-/createjs-lib-0.0.29.tgz"
  "version" "0.0.29"

"@types/easeljs@^1.0.0":
  "integrity" "sha512-DkhxqkgylaZGeuod35MCiv1Rix8GnBGv+URRBZt4rsMvhyi7Iap6SZbeEN5bD3b8BXHozHEKB/to9ohUDr3GIA=="
  "resolved" "https://registry.npmjs.org/@types/easeljs/-/easeljs-1.0.0.tgz"
  "version" "1.0.0"
  dependencies:
    "@types/createjs-lib" "*"
    "@types/tweenjs" "*"

"@types/preloadjs@*", "@types/preloadjs@^0.6.32":
  "integrity" "sha512-vtrFzX5Aba+CYs/niapnQzk9qmJzXmKraV/Vty/T/HWO+gv3BoyDpV+OoEUS76NRnfRYi1kihE0IujiM7MjCQA=="
  "resolved" "https://registry.npmjs.org/@types/preloadjs/-/preloadjs-0.6.32.tgz"
  "version" "0.6.32"
  dependencies:
    "@types/createjs-lib" "*"

"@types/soundjs@^0.6.27":
  "integrity" "sha512-K3ktwPvYfQrH+qGEe1tgxC5o4rJC7CVxQmL9Cz9tgVq0oW99PmPfRp1F7YXELibCvV3lieD4E0sUZvnDEKWaPg=="
  "resolved" "https://registry.npmjs.org/@types/soundjs/-/soundjs-0.6.28.tgz"
  "version" "0.6.28"
  dependencies:
    "@types/createjs-lib" "*"
    "@types/preloadjs" "*"

"@types/stats.js@^0.17.0":
  "integrity" "sha512-9w+a7bR8PeB0dCT/HBULU2fMqf6BAzvKbxFboYhmDtDkKPiyXYbjoe2auwsXlEFI7CFNMF1dCv3dFH5Poy9R1w=="
  "resolved" "https://registry.npmjs.org/@types/stats.js/-/stats.js-0.17.0.tgz"
  "version" "0.17.0"

"@types/tweenjs@*", "@types/tweenjs@^0.6.27":
  "integrity" "sha1-jdisx/Sr7o+St2krrnbZzo8d1gc="
  "resolved" "https://registry.npmjs.org/@types/tweenjs/-/tweenjs-0.6.27.tgz"
  "version" "0.6.27"
  dependencies:
    "@types/createjs-lib" "*"

"easeljs@^1.0.2":
  "integrity" "sha512-PQTsiud32vrUIqZCbynjOJjCzoEp0xH+MRusRCdsZ1MzL4LCE2vp4Sa5cr6aShB3mK4vMZ8LFPnts4xuFhjEmg=="
  "resolved" "https://registry.npmjs.org/easeljs/-/easeljs-1.0.2.tgz"
  "version" "1.0.2"

"preloadjs@^1.0.1":
  "integrity" "sha512-XwdxL9bfoq9abJU4lVBJDVgbxWvQOk/BbuwXKEEG5BaduY7S8N1VXX4My5PM/UwW6Xf4uWAvWzwWlzb20uECxQ=="
  "resolved" "https://registry.npmjs.org/preloadjs/-/preloadjs-1.0.1.tgz"
  "version" "1.0.1"

"soundjs@^1.0.1":
  "integrity" "sha512-MgFPvmKYfpcNiE3X5XybNvScie3DMQlZgmNzUn4puBcpw64f4LqjH/fhM8Sb/eTJ8hK57Crr7mWy0bfJOqPj6Q=="
  "resolved" "https://registry.npmjs.org/soundjs/-/soundjs-1.0.1.tgz"
  "version" "1.0.1"

"stats.js@^0.17.0":
  "integrity" "sha512-hNKz8phvYLPEcRkeG1rsGmV5ChMjKDAWU7/OJJdDErPBNChQXxCo3WZurGpnWc6gZhAzEPFad1aVgyOANH1sMw=="
  "resolved" "https://registry.npmjs.org/stats.js/-/stats.js-0.17.0.tgz"
  "version" "0.17.0"

"tweenjs@^1.0.2":
  "integrity" "sha512-WnFozCNkUkmJtLqJyGrToxVojW2Srzudktr8BzFKQijQRVcmlq7Fc+qfo75ccnwIJGiRWbXKfg7qU67Tzbb1bg=="
  "resolved" "https://registry.npmjs.org/tweenjs/-/tweenjs-1.0.2.tgz"
  "version" "1.0.2"
